
Microsoft Visual Studio Solution File, Format Version 12.00
# Visual Studio Express 2013 for Windows Desktop
VisualStudioVersion = 12.0.30723.0
MinimumVisualStudioVersion = 10.0.40219.1
Project("{FAE04EC0-301F-11D3-BF4B-00C04F79EFBC}") = "ControlPanel", "ControlPanel\ControlPanel.csproj", "{7C28B3CA-B8DA-4323-96FF-08F623BF9871}"
EndProject
Project("{FAE04EC0-301F-11D3-BF4B-00C04F79EFBC}") = "CSUtils", "..\CSUtils\CSUtils.csproj", "{3E83873F-8F61-4DBC-ACB5-5016DC68F698}"
EndProject
Project("{FAE04EC0-301F-11D3-BF4B-00C04F79EFBC}") = "HandyBox.WPF", "..\HandyBox\HandyBox.WPF\HandyBox.WPF.csproj", "{78476E4D-C9D1-43D2-8454-A8A5357A6058}"
EndProject
Project("{F2A71F9B-5D33-465A-A702-920D77279786}") = "PlcServer", "PlcServer\PlcServer.fsproj", "{3B667A18-5E4E-4152-A90E-B75DE6AAE48B}"
EndProject
Project("{FAE04EC0-301F-11D3-BF4B-00C04F79EFBC}") = "PlcCommunication", "PlcCommunication\PlcCommunication.csproj", "{AB3325C5-C525-4EC8-8786-9F61CB3DE581}"
EndProject
Project("{F2A71F9B-5D33-465A-A702-920D77279786}") = "PlcManager", "PlcManager\PlcManager.fsproj", "{B40205C9-A959-4C91-ADDB-8F608AF572C0}"
EndProject
Project("{F2A71F9B-5D33-465A-A702-920D77279786}") = "YY", "..\YY\YY\YY.fsproj", "{165D1997-C630-4D0D-AA20-6A5915A35FA3}"
EndProject
Project("{F2A71F9B-5D33-465A-A702-920D77279786}") = "PlcDb", "PlcDb\PlcDb.fsproj", "{DB421A43-753E-4CCD-8568-8FE860EBDC88}"
EndProject
Project("{F2A71F9B-5D33-465A-A702-920D77279786}") = "PlcServer2", "PlcServer2\PlcServer2.fsproj", "{293460AF-79FF-40F3-B16B-9462237BA463}"
EndProject
Project("{FAE04EC0-301F-11D3-BF4B-00C04F79EFBC}") = "DumpSignalValues", "DumpSignalValues\DumpSignalValues.csproj", "{59FA5F63-6F28-428F-A63A-32DD2EAC3F57}"
EndProject
Project("{F2A71F9B-5D33-465A-A702-920D77279786}") = "SmsMessenger", "SmsMessenger\SmsMessenger.fsproj", "{D5628DE1-D66E-41A6-A6DA-26A5BEA4FBF9}"
EndProject
Project("{2150E333-8FDC-42A3-9474-1A3956D46DE8}") = "tmp", "tmp", "{8AFA4820-8448-43B4-827B-331962CFC630}"
	ProjectSection(SolutionItems) = preProject
		SmsMessenger\TestProgram.fs = SmsMessenger\TestProgram.fs
	EndProjectSection
EndProject
Project("{2150E333-8FDC-42A3-9474-1A3956D46DE8}") = ".nuget", ".nuget", "{43523365-FCA6-4999-AB06-618155EDE3AC}"
	ProjectSection(SolutionItems) = preProject
		.nuget\NuGet.Config = .nuget\NuGet.Config
		.nuget\NuGet.exe = .nuget\NuGet.exe
		.nuget\NuGet.targets = .nuget\NuGet.targets
	EndProjectSection
EndProject
Global
	GlobalSection(SolutionConfigurationPlatforms) = preSolution
		Debug|Any CPU = Debug|Any CPU
		Debug|Mixed Platforms = Debug|Mixed Platforms
		Debug|x64 = Debug|x64
		Debug|x86 = Debug|x86
		Release|Any CPU = Release|Any CPU
		Release|Mixed Platforms = Release|Mixed Platforms
		Release|x64 = Release|x64
		Release|x86 = Release|x86
		SignedRelease|Any CPU = SignedRelease|Any CPU
		SignedRelease|Mixed Platforms = SignedRelease|Mixed Platforms
		SignedRelease|x64 = SignedRelease|x64
		SignedRelease|x86 = SignedRelease|x86
	EndGlobalSection
	GlobalSection(ProjectConfigurationPlatforms) = postSolution
		{7C28B3CA-B8DA-4323-96FF-08F623BF9871}.Debug|Any CPU.ActiveCfg = Debug|Any CPU
		{7C28B3CA-B8DA-4323-96FF-08F623BF9871}.Debug|Any CPU.Build.0 = Debug|Any CPU
		{7C28B3CA-B8DA-4323-96FF-08F623BF9871}.Debug|Mixed Platforms.ActiveCfg = Debug|Any CPU
		{7C28B3CA-B8DA-4323-96FF-08F623BF9871}.Debug|Mixed Platforms.Build.0 = Debug|Any CPU
		{7C28B3CA-B8DA-4323-96FF-08F623BF9871}.Debug|x64.ActiveCfg = Debug|x64
		{7C28B3CA-B8DA-4323-96FF-08F623BF9871}.Debug|x64.Build.0 = Debug|x64
		{7C28B3CA-B8DA-4323-96FF-08F623BF9871}.Debug|x86.ActiveCfg = Release|Any CPU
		{7C28B3CA-B8DA-4323-96FF-08F623BF9871}.Debug|x86.Build.0 = Release|Any CPU
		{7C28B3CA-B8DA-4323-96FF-08F623BF9871}.Release|Any CPU.ActiveCfg = Release|x86
		{7C28B3CA-B8DA-4323-96FF-08F623BF9871}.Release|Any CPU.Build.0 = Release|x86
		{7C28B3CA-B8DA-4323-96FF-08F623BF9871}.Release|Mixed Platforms.ActiveCfg = Release|x86
		{7C28B3CA-B8DA-4323-96FF-08F623BF9871}.Release|Mixed Platforms.Build.0 = Release|x86
		{7C28B3CA-B8DA-4323-96FF-08F623BF9871}.Release|x64.ActiveCfg = Release|x86
		{7C28B3CA-B8DA-4323-96FF-08F623BF9871}.Release|x86.ActiveCfg = Release|x86
		{7C28B3CA-B8DA-4323-96FF-08F623BF9871}.Release|x86.Build.0 = Release|x86
		{7C28B3CA-B8DA-4323-96FF-08F623BF9871}.SignedRelease|Any CPU.ActiveCfg = Release|x86
		{7C28B3CA-B8DA-4323-96FF-08F623BF9871}.SignedRelease|Mixed Platforms.ActiveCfg = Release|x86
		{7C28B3CA-B8DA-4323-96FF-08F623BF9871}.SignedRelease|Mixed Platforms.Build.0 = Release|x86
		{7C28B3CA-B8DA-4323-96FF-08F623BF9871}.SignedRelease|x64.ActiveCfg = Release|x64
		{7C28B3CA-B8DA-4323-96FF-08F623BF9871}.SignedRelease|x64.Build.0 = Release|x64
		{7C28B3CA-B8DA-4323-96FF-08F623BF9871}.SignedRelease|x64.Deploy.0 = Release|x64
		{7C28B3CA-B8DA-4323-96FF-08F623BF9871}.SignedRelease|x86.ActiveCfg = Release|x86
		{7C28B3CA-B8DA-4323-96FF-08F623BF9871}.SignedRelease|x86.Build.0 = Release|x86
		{3E83873F-8F61-4DBC-ACB5-5016DC68F698}.Debug|Any CPU.ActiveCfg = Debug|Any CPU
		{3E83873F-8F61-4DBC-ACB5-5016DC68F698}.Debug|Any CPU.Build.0 = Debug|Any CPU
		{3E83873F-8F61-4DBC-ACB5-5016DC68F698}.Debug|Mixed Platforms.ActiveCfg = Debug|Any CPU
		{3E83873F-8F61-4DBC-ACB5-5016DC68F698}.Debug|Mixed Platforms.Build.0 = Debug|Any CPU
		{3E83873F-8F61-4DBC-ACB5-5016DC68F698}.Debug|x64.ActiveCfg = Debug|x64
		{3E83873F-8F61-4DBC-ACB5-5016DC68F698}.Debug|x64.Build.0 = Debug|x64
		{3E83873F-8F61-4DBC-ACB5-5016DC68F698}.Debug|x86.ActiveCfg = Release|Any CPU
		{3E83873F-8F61-4DBC-ACB5-5016DC68F698}.Debug|x86.Build.0 = Release|Any CPU
		{3E83873F-8F61-4DBC-ACB5-5016DC68F698}.Release|Any CPU.ActiveCfg = Release|Any CPU
		{3E83873F-8F61-4DBC-ACB5-5016DC68F698}.Release|Any CPU.Build.0 = Release|Any CPU
		{3E83873F-8F61-4DBC-ACB5-5016DC68F698}.Release|Mixed Platforms.ActiveCfg = Release|Any CPU
		{3E83873F-8F61-4DBC-ACB5-5016DC68F698}.Release|Mixed Platforms.Build.0 = Release|Any CPU
		{3E83873F-8F61-4DBC-ACB5-5016DC68F698}.Release|x64.ActiveCfg = Release|Any CPU
		{3E83873F-8F61-4DBC-ACB5-5016DC68F698}.Release|x86.ActiveCfg = Release|Any CPU
		{3E83873F-8F61-4DBC-ACB5-5016DC68F698}.SignedRelease|Any CPU.ActiveCfg = Release|Any CPU
		{3E83873F-8F61-4DBC-ACB5-5016DC68F698}.SignedRelease|Any CPU.Build.0 = Release|Any CPU
		{3E83873F-8F61-4DBC-ACB5-5016DC68F698}.SignedRelease|Mixed Platforms.ActiveCfg = Release|Any CPU
		{3E83873F-8F61-4DBC-ACB5-5016DC68F698}.SignedRelease|Mixed Platforms.Build.0 = Release|Any CPU
		{3E83873F-8F61-4DBC-ACB5-5016DC68F698}.SignedRelease|x64.ActiveCfg = Release|x64
		{3E83873F-8F61-4DBC-ACB5-5016DC68F698}.SignedRelease|x64.Build.0 = Release|x64
		{3E83873F-8F61-4DBC-ACB5-5016DC68F698}.SignedRelease|x86.ActiveCfg = Release|Any CPU
		{78476E4D-C9D1-43D2-8454-A8A5357A6058}.Debug|Any CPU.ActiveCfg = Debug|Any CPU
		{78476E4D-C9D1-43D2-8454-A8A5357A6058}.Debug|Any CPU.Build.0 = Debug|Any CPU
		{78476E4D-C9D1-43D2-8454-A8A5357A6058}.Debug|Mixed Platforms.ActiveCfg = Debug|Any CPU
		{78476E4D-C9D1-43D2-8454-A8A5357A6058}.Debug|Mixed Platforms.Build.0 = Debug|Any CPU
		{78476E4D-C9D1-43D2-8454-A8A5357A6058}.Debug|x64.ActiveCfg = Debug|x64
		{78476E4D-C9D1-43D2-8454-A8A5357A6058}.Debug|x64.Build.0 = Debug|x64
		{78476E4D-C9D1-43D2-8454-A8A5357A6058}.Debug|x86.ActiveCfg = Debug|Any CPU
		{78476E4D-C9D1-43D2-8454-A8A5357A6058}.Release|Any CPU.ActiveCfg = Release|Any CPU
		{78476E4D-C9D1-43D2-8454-A8A5357A6058}.Release|Any CPU.Build.0 = Release|Any CPU
		{78476E4D-C9D1-43D2-8454-A8A5357A6058}.Release|Mixed Platforms.ActiveCfg = Release|Any CPU
		{78476E4D-C9D1-43D2-8454-A8A5357A6058}.Release|Mixed Platforms.Build.0 = Release|Any CPU
		{78476E4D-C9D1-43D2-8454-A8A5357A6058}.Release|x64.ActiveCfg = Release|Any CPU
		{78476E4D-C9D1-43D2-8454-A8A5357A6058}.Release|x86.ActiveCfg = Release|Any CPU
		{78476E4D-C9D1-43D2-8454-A8A5357A6058}.SignedRelease|Any CPU.ActiveCfg = Release|Any CPU
		{78476E4D-C9D1-43D2-8454-A8A5357A6058}.SignedRelease|Any CPU.Build.0 = Release|Any CPU
		{78476E4D-C9D1-43D2-8454-A8A5357A6058}.SignedRelease|Mixed Platforms.ActiveCfg = Release|Any CPU
		{78476E4D-C9D1-43D2-8454-A8A5357A6058}.SignedRelease|Mixed Platforms.Build.0 = Release|Any CPU
		{78476E4D-C9D1-43D2-8454-A8A5357A6058}.SignedRelease|x64.ActiveCfg = Release|x64
		{78476E4D-C9D1-43D2-8454-A8A5357A6058}.SignedRelease|x64.Build.0 = Release|x64
		{78476E4D-C9D1-43D2-8454-A8A5357A6058}.SignedRelease|x86.ActiveCfg = Release|Any CPU
		{3B667A18-5E4E-4152-A90E-B75DE6AAE48B}.Debug|Any CPU.ActiveCfg = Debug|Any CPU
		{3B667A18-5E4E-4152-A90E-B75DE6AAE48B}.Debug|Any CPU.Build.0 = Debug|Any CPU
		{3B667A18-5E4E-4152-A90E-B75DE6AAE48B}.Debug|Mixed Platforms.ActiveCfg = Debug|Any CPU
		{3B667A18-5E4E-4152-A90E-B75DE6AAE48B}.Debug|Mixed Platforms.Build.0 = Debug|Any CPU
		{3B667A18-5E4E-4152-A90E-B75DE6AAE48B}.Debug|x64.ActiveCfg = Debug|x64
		{3B667A18-5E4E-4152-A90E-B75DE6AAE48B}.Debug|x64.Build.0 = Debug|x64
		{3B667A18-5E4E-4152-A90E-B75DE6AAE48B}.Debug|x86.ActiveCfg = Debug|Any CPU
		{3B667A18-5E4E-4152-A90E-B75DE6AAE48B}.Release|Any CPU.ActiveCfg = Release|Any CPU
		{3B667A18-5E4E-4152-A90E-B75DE6AAE48B}.Release|Any CPU.Build.0 = Release|Any CPU
		{3B667A18-5E4E-4152-A90E-B75DE6AAE48B}.Release|Mixed Platforms.ActiveCfg = Release|Any CPU
		{3B667A18-5E4E-4152-A90E-B75DE6AAE48B}.Release|Mixed Platforms.Build.0 = Release|Any CPU
		{3B667A18-5E4E-4152-A90E-B75DE6AAE48B}.Release|x64.ActiveCfg = Release|Any CPU
		{3B667A18-5E4E-4152-A90E-B75DE6AAE48B}.Release|x86.ActiveCfg = Release|Any CPU
		{3B667A18-5E4E-4152-A90E-B75DE6AAE48B}.SignedRelease|Any CPU.ActiveCfg = Release|Any CPU
		{3B667A18-5E4E-4152-A90E-B75DE6AAE48B}.SignedRelease|Any CPU.Build.0 = Release|Any CPU
		{3B667A18-5E4E-4152-A90E-B75DE6AAE48B}.SignedRelease|Mixed Platforms.ActiveCfg = Release|Any CPU
		{3B667A18-5E4E-4152-A90E-B75DE6AAE48B}.SignedRelease|Mixed Platforms.Build.0 = Release|Any CPU
		{3B667A18-5E4E-4152-A90E-B75DE6AAE48B}.SignedRelease|x64.ActiveCfg = Release|x64
		{3B667A18-5E4E-4152-A90E-B75DE6AAE48B}.SignedRelease|x64.Build.0 = Release|x64
		{3B667A18-5E4E-4152-A90E-B75DE6AAE48B}.SignedRelease|x86.ActiveCfg = Release|Any CPU
		{AB3325C5-C525-4EC8-8786-9F61CB3DE581}.Debug|Any CPU.ActiveCfg = Debug|Any CPU
		{AB3325C5-C525-4EC8-8786-9F61CB3DE581}.Debug|Any CPU.Build.0 = Debug|Any CPU
		{AB3325C5-C525-4EC8-8786-9F61CB3DE581}.Debug|Mixed Platforms.ActiveCfg = Debug|Any CPU
		{AB3325C5-C525-4EC8-8786-9F61CB3DE581}.Debug|Mixed Platforms.Build.0 = Debug|Any CPU
		{AB3325C5-C525-4EC8-8786-9F61CB3DE581}.Debug|x64.ActiveCfg = Debug|x64
		{AB3325C5-C525-4EC8-8786-9F61CB3DE581}.Debug|x64.Build.0 = Debug|x64
		{AB3325C5-C525-4EC8-8786-9F61CB3DE581}.Debug|x86.ActiveCfg = Debug|x86
		{AB3325C5-C525-4EC8-8786-9F61CB3DE581}.Release|Any CPU.ActiveCfg = Release|Any CPU
		{AB3325C5-C525-4EC8-8786-9F61CB3DE581}.Release|Any CPU.Build.0 = Release|Any CPU
		{AB3325C5-C525-4EC8-8786-9F61CB3DE581}.Release|Mixed Platforms.ActiveCfg = Release|Any CPU
		{AB3325C5-C525-4EC8-8786-9F61CB3DE581}.Release|Mixed Platforms.Build.0 = Release|Any CPU
		{AB3325C5-C525-4EC8-8786-9F61CB3DE581}.Release|x64.ActiveCfg = Release|x64
		{AB3325C5-C525-4EC8-8786-9F61CB3DE581}.Release|x64.Build.0 = Release|x64
		{AB3325C5-C525-4EC8-8786-9F61CB3DE581}.Release|x86.ActiveCfg = Release|Any CPU
		{AB3325C5-C525-4EC8-8786-9F61CB3DE581}.SignedRelease|Any CPU.ActiveCfg = Release|Any CPU
		{AB3325C5-C525-4EC8-8786-9F61CB3DE581}.SignedRelease|Any CPU.Build.0 = Release|Any CPU
		{AB3325C5-C525-4EC8-8786-9F61CB3DE581}.SignedRelease|Mixed Platforms.ActiveCfg = Release|Any CPU
		{AB3325C5-C525-4EC8-8786-9F61CB3DE581}.SignedRelease|Mixed Platforms.Build.0 = Release|Any CPU
		{AB3325C5-C525-4EC8-8786-9F61CB3DE581}.SignedRelease|x64.ActiveCfg = Release|x64
		{AB3325C5-C525-4EC8-8786-9F61CB3DE581}.SignedRelease|x64.Build.0 = Release|x64
		{AB3325C5-C525-4EC8-8786-9F61CB3DE581}.SignedRelease|x86.ActiveCfg = Release|Any CPU
		{B40205C9-A959-4C91-ADDB-8F608AF572C0}.Debug|Any CPU.ActiveCfg = Debug|Any CPU
		{B40205C9-A959-4C91-ADDB-8F608AF572C0}.Debug|Any CPU.Build.0 = Debug|Any CPU
		{B40205C9-A959-4C91-ADDB-8F608AF572C0}.Debug|Mixed Platforms.ActiveCfg = Debug|Any CPU
		{B40205C9-A959-4C91-ADDB-8F608AF572C0}.Debug|Mixed Platforms.Build.0 = Debug|Any CPU
		{B40205C9-A959-4C91-ADDB-8F608AF572C0}.Debug|x64.ActiveCfg = Debug|x64
		{B40205C9-A959-4C91-ADDB-8F608AF572C0}.Debug|x64.Build.0 = Debug|x64
		{B40205C9-A959-4C91-ADDB-8F608AF572C0}.Debug|x86.ActiveCfg = Debug|Any CPU
		{B40205C9-A959-4C91-ADDB-8F608AF572C0}.Release|Any CPU.ActiveCfg = Release|Any CPU
		{B40205C9-A959-4C91-ADDB-8F608AF572C0}.Release|Any CPU.Build.0 = Release|Any CPU
		{B40205C9-A959-4C91-ADDB-8F608AF572C0}.Release|Mixed Platforms.ActiveCfg = Release|Any CPU
		{B40205C9-A959-4C91-ADDB-8F608AF572C0}.Release|Mixed Platforms.Build.0 = Release|Any CPU
		{B40205C9-A959-4C91-ADDB-8F608AF572C0}.Release|x64.ActiveCfg = Release|Any CPU
		{B40205C9-A959-4C91-ADDB-8F608AF572C0}.Release|x86.ActiveCfg = Release|Any CPU
		{B40205C9-A959-4C91-ADDB-8F608AF572C0}.SignedRelease|Any CPU.ActiveCfg = Release|Any CPU
		{B40205C9-A959-4C91-ADDB-8F608AF572C0}.SignedRelease|Any CPU.Build.0 = Release|Any CPU
		{B40205C9-A959-4C91-ADDB-8F608AF572C0}.SignedRelease|Mixed Platforms.ActiveCfg = Release|Any CPU
		{B40205C9-A959-4C91-ADDB-8F608AF572C0}.SignedRelease|Mixed Platforms.Build.0 = Release|Any CPU
		{B40205C9-A959-4C91-ADDB-8F608AF572C0}.SignedRelease|x64.ActiveCfg = Release|x64
		{B40205C9-A959-4C91-ADDB-8F608AF572C0}.SignedRelease|x64.Build.0 = Release|x64
		{B40205C9-A959-4C91-ADDB-8F608AF572C0}.SignedRelease|x86.ActiveCfg = Release|Any CPU
		{165D1997-C630-4D0D-AA20-6A5915A35FA3}.Debug|Any CPU.ActiveCfg = Debug|Any CPU
		{165D1997-C630-4D0D-AA20-6A5915A35FA3}.Debug|Any CPU.Build.0 = Debug|Any CPU
		{165D1997-C630-4D0D-AA20-6A5915A35FA3}.Debug|Mixed Platforms.ActiveCfg = Debug|Any CPU
		{165D1997-C630-4D0D-AA20-6A5915A35FA3}.Debug|Mixed Platforms.Build.0 = Debug|Any CPU
		{165D1997-C630-4D0D-AA20-6A5915A35FA3}.Debug|x64.ActiveCfg = Debug|x64
		{165D1997-C630-4D0D-AA20-6A5915A35FA3}.Debug|x64.Build.0 = Debug|x64
		{165D1997-C630-4D0D-AA20-6A5915A35FA3}.Debug|x86.ActiveCfg = Debug|Any CPU
		{165D1997-C630-4D0D-AA20-6A5915A35FA3}.Release|Any CPU.ActiveCfg = Release|Any CPU
		{165D1997-C630-4D0D-AA20-6A5915A35FA3}.Release|Any CPU.Build.0 = Release|Any CPU
		{165D1997-C630-4D0D-AA20-6A5915A35FA3}.Release|Mixed Platforms.ActiveCfg = Release|Any CPU
		{165D1997-C630-4D0D-AA20-6A5915A35FA3}.Release|Mixed Platforms.Build.0 = Release|Any CPU
		{165D1997-C630-4D0D-AA20-6A5915A35FA3}.Release|x64.ActiveCfg = Release|Any CPU
		{165D1997-C630-4D0D-AA20-6A5915A35FA3}.Release|x86.ActiveCfg = Release|Any CPU
		{165D1997-C630-4D0D-AA20-6A5915A35FA3}.SignedRelease|Any CPU.ActiveCfg = Release|Any CPU
		{165D1997-C630-4D0D-AA20-6A5915A35FA3}.SignedRelease|Any CPU.Build.0 = Release|Any CPU
		{165D1997-C630-4D0D-AA20-6A5915A35FA3}.SignedRelease|Mixed Platforms.ActiveCfg = Release|Any CPU
		{165D1997-C630-4D0D-AA20-6A5915A35FA3}.SignedRelease|Mixed Platforms.Build.0 = Release|Any CPU
		{165D1997-C630-4D0D-AA20-6A5915A35FA3}.SignedRelease|x64.ActiveCfg = Release|x64
		{165D1997-C630-4D0D-AA20-6A5915A35FA3}.SignedRelease|x64.Build.0 = Release|x64
		{165D1997-C630-4D0D-AA20-6A5915A35FA3}.SignedRelease|x86.ActiveCfg = Release|Any CPU
		{DB421A43-753E-4CCD-8568-8FE860EBDC88}.Debug|Any CPU.ActiveCfg = Debug|x64
		{DB421A43-753E-4CCD-8568-8FE860EBDC88}.Debug|Any CPU.Build.0 = Debug|x64
		{DB421A43-753E-4CCD-8568-8FE860EBDC88}.Debug|Mixed Platforms.ActiveCfg = Debug|x64
		{DB421A43-753E-4CCD-8568-8FE860EBDC88}.Debug|Mixed Platforms.Build.0 = Debug|x64
		{DB421A43-753E-4CCD-8568-8FE860EBDC88}.Debug|x64.ActiveCfg = Debug|x64
		{DB421A43-753E-4CCD-8568-8FE860EBDC88}.Debug|x64.Build.0 = Debug|x64
		{DB421A43-753E-4CCD-8568-8FE860EBDC88}.Debug|x86.ActiveCfg = Debug|x86
		{DB421A43-753E-4CCD-8568-8FE860EBDC88}.Release|Any CPU.ActiveCfg = Release|x64
		{DB421A43-753E-4CCD-8568-8FE860EBDC88}.Release|Mixed Platforms.ActiveCfg = Release|x64
		{DB421A43-753E-4CCD-8568-8FE860EBDC88}.Release|Mixed Platforms.Build.0 = Release|x64
		{DB421A43-753E-4CCD-8568-8FE860EBDC88}.Release|x64.ActiveCfg = Release|x64
		{DB421A43-753E-4CCD-8568-8FE860EBDC88}.Release|x64.Build.0 = Release|x64
		{DB421A43-753E-4CCD-8568-8FE860EBDC88}.Release|x86.ActiveCfg = Release|x64
		{DB421A43-753E-4CCD-8568-8FE860EBDC88}.SignedRelease|Any CPU.ActiveCfg = Release|x64
		{DB421A43-753E-4CCD-8568-8FE860EBDC88}.SignedRelease|Mixed Platforms.ActiveCfg = Release|x64
		{DB421A43-753E-4CCD-8568-8FE860EBDC88}.SignedRelease|Mixed Platforms.Build.0 = Release|x64
		{DB421A43-753E-4CCD-8568-8FE860EBDC88}.SignedRelease|x64.ActiveCfg = Release|x64
		{DB421A43-753E-4CCD-8568-8FE860EBDC88}.SignedRelease|x64.Build.0 = Release|x64
		{DB421A43-753E-4CCD-8568-8FE860EBDC88}.SignedRelease|x86.ActiveCfg = Release|x64
		{293460AF-79FF-40F3-B16B-9462237BA463}.Debug|Any CPU.ActiveCfg = Debug|x64
		{293460AF-79FF-40F3-B16B-9462237BA463}.Debug|Any CPU.Build.0 = Debug|x64
		{293460AF-79FF-40F3-B16B-9462237BA463}.Debug|Mixed Platforms.ActiveCfg = Debug|x64
		{293460AF-79FF-40F3-B16B-9462237BA463}.Debug|Mixed Platforms.Build.0 = Debug|x64
		{293460AF-79FF-40F3-B16B-9462237BA463}.Debug|x64.ActiveCfg = Debug|x64
		{293460AF-79FF-40F3-B16B-9462237BA463}.Debug|x64.Build.0 = Debug|x64
		{293460AF-79FF-40F3-B16B-9462237BA463}.Debug|x86.ActiveCfg = Debug|x86
		{293460AF-79FF-40F3-B16B-9462237BA463}.Release|Any CPU.ActiveCfg = Release|x64
		{293460AF-79FF-40F3-B16B-9462237BA463}.Release|Mixed Platforms.ActiveCfg = Release|x64
		{293460AF-79FF-40F3-B16B-9462237BA463}.Release|Mixed Platforms.Build.0 = Release|x64
		{293460AF-79FF-40F3-B16B-9462237BA463}.Release|x64.ActiveCfg = Release|x64
		{293460AF-79FF-40F3-B16B-9462237BA463}.Release|x64.Build.0 = Release|x64
		{293460AF-79FF-40F3-B16B-9462237BA463}.Release|x86.ActiveCfg = Release|x64
		{293460AF-79FF-40F3-B16B-9462237BA463}.SignedRelease|Any CPU.ActiveCfg = Release|x64
		{293460AF-79FF-40F3-B16B-9462237BA463}.SignedRelease|Mixed Platforms.ActiveCfg = Release|x64
		{293460AF-79FF-40F3-B16B-9462237BA463}.SignedRelease|Mixed Platforms.Build.0 = Release|x64
		{293460AF-79FF-40F3-B16B-9462237BA463}.SignedRelease|x64.ActiveCfg = Release|x64
		{293460AF-79FF-40F3-B16B-9462237BA463}.SignedRelease|x64.Build.0 = Release|x64
		{293460AF-79FF-40F3-B16B-9462237BA463}.SignedRelease|x86.ActiveCfg = Release|x64
		{59FA5F63-6F28-428F-A63A-32DD2EAC3F57}.Debug|Any CPU.ActiveCfg = Debug|x64
		{59FA5F63-6F28-428F-A63A-32DD2EAC3F57}.Debug|Mixed Platforms.ActiveCfg = Debug|x64
		{59FA5F63-6F28-428F-A63A-32DD2EAC3F57}.Debug|Mixed Platforms.Build.0 = Debug|x64
		{59FA5F63-6F28-428F-A63A-32DD2EAC3F57}.Debug|x64.ActiveCfg = Debug|x64
		{59FA5F63-6F28-428F-A63A-32DD2EAC3F57}.Debug|x64.Build.0 = Debug|x64
		{59FA5F63-6F28-428F-A63A-32DD2EAC3F57}.Debug|x86.ActiveCfg = Release|x64
		{59FA5F63-6F28-428F-A63A-32DD2EAC3F57}.Release|Any CPU.ActiveCfg = Release|x64
		{59FA5F63-6F28-428F-A63A-32DD2EAC3F57}.Release|Mixed Platforms.ActiveCfg = Release|x64
		{59FA5F63-6F28-428F-A63A-32DD2EAC3F57}.Release|Mixed Platforms.Build.0 = Release|x64
		{59FA5F63-6F28-428F-A63A-32DD2EAC3F57}.Release|x64.ActiveCfg = Release|x64
		{59FA5F63-6F28-428F-A63A-32DD2EAC3F57}.Release|x64.Build.0 = Release|x64
		{59FA5F63-6F28-428F-A63A-32DD2EAC3F57}.Release|x86.ActiveCfg = Release|x64
		{59FA5F63-6F28-428F-A63A-32DD2EAC3F57}.SignedRelease|Any CPU.ActiveCfg = Release|x64
		{59FA5F63-6F28-428F-A63A-32DD2EAC3F57}.SignedRelease|Mixed Platforms.ActiveCfg = Release|x64
		{59FA5F63-6F28-428F-A63A-32DD2EAC3F57}.SignedRelease|Mixed Platforms.Build.0 = Release|x64
		{59FA5F63-6F28-428F-A63A-32DD2EAC3F57}.SignedRelease|x64.ActiveCfg = Release|x64
		{59FA5F63-6F28-428F-A63A-32DD2EAC3F57}.SignedRelease|x64.Build.0 = Release|x64
		{59FA5F63-6F28-428F-A63A-32DD2EAC3F57}.SignedRelease|x86.ActiveCfg = Release|x64
		{D5628DE1-D66E-41A6-A6DA-26A5BEA4FBF9}.Debug|Any CPU.ActiveCfg = Debug|Any CPU
		{D5628DE1-D66E-41A6-A6DA-26A5BEA4FBF9}.Debug|Any CPU.Build.0 = Debug|Any CPU
		{D5628DE1-D66E-41A6-A6DA-26A5BEA4FBF9}.Debug|Mixed Platforms.ActiveCfg = Debug|Any CPU
		{D5628DE1-D66E-41A6-A6DA-26A5BEA4FBF9}.Debug|Mixed Platforms.Build.0 = Debug|Any CPU
		{D5628DE1-D66E-41A6-A6DA-26A5BEA4FBF9}.Debug|x64.ActiveCfg = Debug|x64
		{D5628DE1-D66E-41A6-A6DA-26A5BEA4FBF9}.Debug|x64.Build.0 = Debug|x64
		{D5628DE1-D66E-41A6-A6DA-26A5BEA4FBF9}.Debug|x86.ActiveCfg = Debug|x86
		{D5628DE1-D66E-41A6-A6DA-26A5BEA4FBF9}.Release|Any CPU.ActiveCfg = Release|Any CPU
		{D5628DE1-D66E-41A6-A6DA-26A5BEA4FBF9}.Release|Any CPU.Build.0 = Release|Any CPU
		{D5628DE1-D66E-41A6-A6DA-26A5BEA4FBF9}.Release|Mixed Platforms.ActiveCfg = Release|Any CPU
		{D5628DE1-D66E-41A6-A6DA-26A5BEA4FBF9}.Release|Mixed Platforms.Build.0 = Release|Any CPU
		{D5628DE1-D66E-41A6-A6DA-26A5BEA4FBF9}.Release|x64.ActiveCfg = Release|Any CPU
		{D5628DE1-D66E-41A6-A6DA-26A5BEA4FBF9}.Release|x86.ActiveCfg = Release|Any CPU
		{D5628DE1-D66E-41A6-A6DA-26A5BEA4FBF9}.SignedRelease|Any CPU.ActiveCfg = Release|Any CPU
		{D5628DE1-D66E-41A6-A6DA-26A5BEA4FBF9}.SignedRelease|Any CPU.Build.0 = Release|Any CPU
		{D5628DE1-D66E-41A6-A6DA-26A5BEA4FBF9}.SignedRelease|Mixed Platforms.ActiveCfg = Release|Any CPU
		{D5628DE1-D66E-41A6-A6DA-26A5BEA4FBF9}.SignedRelease|Mixed Platforms.Build.0 = Release|Any CPU
		{D5628DE1-D66E-41A6-A6DA-26A5BEA4FBF9}.SignedRelease|x64.ActiveCfg = Release|x64
		{D5628DE1-D66E-41A6-A6DA-26A5BEA4FBF9}.SignedRelease|x64.Build.0 = Release|x64
		{D5628DE1-D66E-41A6-A6DA-26A5BEA4FBF9}.SignedRelease|x86.ActiveCfg = Release|Any CPU
	EndGlobalSection
	GlobalSection(SolutionProperties) = preSolution
		HideSolutionNode = FALSE
	EndGlobalSection
EndGlobal
